{
  "object": {
    "pins": [
      {
        "package": "Dollar",
        "repositoryURL": "https://github.com/kmatskevich/Dollar",
        "state": {
          "branch": null,
          "revision": "26b7a50b316961479ac9cbb94db5b4176188e8a8",
          "version": "9.0.1"
        }
      }
    ]
  },
  "version": 1
}
